// !$*UTF8*$!
{
	archiveVersion = 1;
	classes = {
	};
	objectVersion = 46;
	objects = {

/* Begin PBXBuildFile section */
		0FD42AC30E1A6B5E178D6B8B /* Pods_The_Lit_List.framework in Frameworks */ = {isa = PBXBuildFile; fileRef = 29F21216A15ADE8B16190E21 /* Pods_The_Lit_List.framework */; };
		BA4974581F03FD62004FE18B /* AppDelegate.swift in Sources */ = {isa = PBXBuildFile; fileRef = BA4974571F03FD62004FE18B /* AppDelegate.swift */; };
		BA4974611F03FD62004FE18B /* Assets.xcassets in Resources */ = {isa = PBXBuildFile; fileRef = BA4974601F03FD62004FE18B /* Assets.xcassets */; };
		BA4974751F03FE62004FE18B /* LaunchScreen.storyboard in Resources */ = {isa = PBXBuildFile; fileRef = BA4974741F03FE62004FE18B /* LaunchScreen.storyboard */; };
		BA4974771F03FE6A004FE18B /* Main.storyboard in Resources */ = {isa = PBXBuildFile; fileRef = BA4974761F03FE6A004FE18B /* Main.storyboard */; };
		BA77798E1F05461A00128AA9 /* SourceSansPro-Black.otf in Resources */ = {isa = PBXBuildFile; fileRef = BA7779821F05461A00128AA9 /* SourceSansPro-Black.otf */; };
		BA77798F1F05461A00128AA9 /* SourceSansPro-BlackIt.otf in Resources */ = {isa = PBXBuildFile; fileRef = BA7779831F05461A00128AA9 /* SourceSansPro-BlackIt.otf */; };
		BA7779901F05461A00128AA9 /* SourceSansPro-Bold.otf in Resources */ = {isa = PBXBuildFile; fileRef = BA7779841F05461A00128AA9 /* SourceSansPro-Bold.otf */; };
		BA7779911F05461A00128AA9 /* SourceSansPro-BoldIt.otf in Resources */ = {isa = PBXBuildFile; fileRef = BA7779851F05461A00128AA9 /* SourceSansPro-BoldIt.otf */; };
		BA7779921F05461A00128AA9 /* SourceSansPro-ExtraLight.otf in Resources */ = {isa = PBXBuildFile; fileRef = BA7779861F05461A00128AA9 /* SourceSansPro-ExtraLight.otf */; };
		BA7779931F05461A00128AA9 /* SourceSansPro-ExtraLightIt.otf in Resources */ = {isa = PBXBuildFile; fileRef = BA7779871F05461A00128AA9 /* SourceSansPro-ExtraLightIt.otf */; };
		BA7779941F05461A00128AA9 /* SourceSansPro-It.otf in Resources */ = {isa = PBXBuildFile; fileRef = BA7779881F05461A00128AA9 /* SourceSansPro-It.otf */; };
		BA7779951F05461A00128AA9 /* SourceSansPro-Light.otf in Resources */ = {isa = PBXBuildFile; fileRef = BA7779891F05461A00128AA9 /* SourceSansPro-Light.otf */; };
		BA7779961F05461A00128AA9 /* SourceSansPro-LightIt.otf in Resources */ = {isa = PBXBuildFile; fileRef = BA77798A1F05461A00128AA9 /* SourceSansPro-LightIt.otf */; };
		BA7779971F05461A00128AA9 /* SourceSansPro-Regular.otf in Resources */ = {isa = PBXBuildFile; fileRef = BA77798B1F05461A00128AA9 /* SourceSansPro-Regular.otf */; };
		BA7779981F05461A00128AA9 /* SourceSansPro-Semibold.otf in Resources */ = {isa = PBXBuildFile; fileRef = BA77798C1F05461A00128AA9 /* SourceSansPro-Semibold.otf */; };
		BA7779991F05461A00128AA9 /* SourceSansPro-SemiboldIt.otf in Resources */ = {isa = PBXBuildFile; fileRef = BA77798D1F05461A00128AA9 /* SourceSansPro-SemiboldIt.otf */; };
		BA77799B1F0549C600128AA9 /* ItemDetailViewController.swift in Sources */ = {isa = PBXBuildFile; fileRef = BA77799A1F0549C600128AA9 /* ItemDetailViewController.swift */; };
		BA77799D1F05518B00128AA9 /* ItemDetail.storyboard in Resources */ = {isa = PBXBuildFile; fileRef = BA77799C1F05518B00128AA9 /* ItemDetail.storyboard */; };
		BA77799F1F05521000128AA9 /* Storyboard+Utility.swift in Sources */ = {isa = PBXBuildFile; fileRef = BA77799E1F05521000128AA9 /* Storyboard+Utility.swift */; };
		BA7779A11F056DF100128AA9 /* UIViewController+Utility.swift in Sources */ = {isa = PBXBuildFile; fileRef = BA7779A01F056DF100128AA9 /* UIViewController+Utility.swift */; };
		BA7779A31F056F5200128AA9 /* UINavigationController+Utility.swift in Sources */ = {isa = PBXBuildFile; fileRef = BA7779A21F056F5200128AA9 /* UINavigationController+Utility.swift */; };
		BA7779A51F0575B600128AA9 /* SearchByViewController.swift in Sources */ = {isa = PBXBuildFile; fileRef = BA7779A41F0575B600128AA9 /* SearchByViewController.swift */; };
		BA7779A71F057C9600128AA9 /* ResultsViewController.swift in Sources */ = {isa = PBXBuildFile; fileRef = BA7779A61F057C9600128AA9 /* ResultsViewController.swift */; };
		BA7779AF1F05841000128AA9 /* SearchResult.storyboard in Resources */ = {isa = PBXBuildFile; fileRef = BA7779AE1F05841000128AA9 /* SearchResult.storyboard */; };
		BA8E27F61F04060F00105C0E /* Constants.swift in Sources */ = {isa = PBXBuildFile; fileRef = BA8E27F51F04060F00105C0E /* Constants.swift */; };
		BA8E27FA1F0410F700105C0E /* YourLitListViewController.swift in Sources */ = {isa = PBXBuildFile; fileRef = BA8E27F91F0410F700105C0E /* YourLitListViewController.swift */; };
		BA8E27FD1F041BFA00105C0E /* ColorHelper.swift in Sources */ = {isa = PBXBuildFile; fileRef = BA8E27FC1F041BFA00105C0E /* ColorHelper.swift */; };
		BA8E28001F041C3000105C0E /* UIColor+Utility.swift in Sources */ = {isa = PBXBuildFile; fileRef = BA8E27FF1F041C3000105C0E /* UIColor+Utility.swift */; };
		BA8E28031F04239000105C0E /* LitLitItemCell.swift in Sources */ = {isa = PBXBuildFile; fileRef = BA8E28021F04239000105C0E /* LitLitItemCell.swift */; };
		BA8E28071F042DD800105C0E /* LitListItemCell.xib in Resources */ = {isa = PBXBuildFile; fileRef = BA8E28051F042DD800105C0E /* LitListItemCell.xib */; };
/* End PBXBuildFile section */

/* Begin PBXFileReference section */
		29F21216A15ADE8B16190E21 /* Pods_The_Lit_List.framework */ = {isa = PBXFileReference; explicitFileType = wrapper.framework; includeInIndex = 0; path = Pods_The_Lit_List.framework; sourceTree = BUILT_PRODUCTS_DIR; };
		54256F4762E52C2FE0D3B337 /* Pods-The Lit List.debug.xcconfig */ = {isa = PBXFileReference; includeInIndex = 1; lastKnownFileType = text.xcconfig; name = "Pods-The Lit List.debug.xcconfig"; path = "Pods/Target Support Files/Pods-The Lit List/Pods-The Lit List.debug.xcconfig"; sourceTree = "<group>"; };
		66E0EDB4EB425508C3406D67 /* Pods-The Lit List.release.xcconfig */ = {isa = PBXFileReference; includeInIndex = 1; lastKnownFileType = text.xcconfig; name = "Pods-The Lit List.release.xcconfig"; path = "Pods/Target Support Files/Pods-The Lit List/Pods-The Lit List.release.xcconfig"; sourceTree = "<group>"; };
		BA4974541F03FD62004FE18B /* The Lit List.app */ = {isa = PBXFileReference; explicitFileType = wrapper.application; includeInIndex = 0; path = "The Lit List.app"; sourceTree = BUILT_PRODUCTS_DIR; };
		BA4974571F03FD62004FE18B /* AppDelegate.swift */ = {isa = PBXFileReference; lastKnownFileType = sourcecode.swift; path = AppDelegate.swift; sourceTree = "<group>"; };
		BA4974601F03FD62004FE18B /* Assets.xcassets */ = {isa = PBXFileReference; lastKnownFileType = folder.assetcatalog; path = Assets.xcassets; sourceTree = "<group>"; };
		BA4974721F03FE52004FE18B /* Info.plist */ = {isa = PBXFileReference; fileEncoding = 4; lastKnownFileType = text.plist.xml; name = Info.plist; path = Supporting/Info.plist; sourceTree = "<group>"; };
		BA4974741F03FE62004FE18B /* LaunchScreen.storyboard */ = {isa = PBXFileReference; fileEncoding = 4; lastKnownFileType = file.storyboard; name = LaunchScreen.storyboard; path = Storyboards/LaunchScreen.storyboard; sourceTree = "<group>"; };
		BA4974761F03FE6A004FE18B /* Main.storyboard */ = {isa = PBXFileReference; fileEncoding = 4; lastKnownFileType = file.storyboard; name = Main.storyboard; path = Storyboards/Main.storyboard; sourceTree = "<group>"; };
		BA7779821F05461A00128AA9 /* SourceSansPro-Black.otf */ = {isa = PBXFileReference; lastKnownFileType = file; name = "SourceSansPro-Black.otf"; path = "Resources/source-sans-pro/SourceSansPro-Black.otf"; sourceTree = "<group>"; };
		BA7779831F05461A00128AA9 /* SourceSansPro-BlackIt.otf */ = {isa = PBXFileReference; lastKnownFileType = file; name = "SourceSansPro-BlackIt.otf"; path = "Resources/source-sans-pro/SourceSansPro-BlackIt.otf"; sourceTree = "<group>"; };
		BA7779841F05461A00128AA9 /* SourceSansPro-Bold.otf */ = {isa = PBXFileReference; lastKnownFileType = file; name = "SourceSansPro-Bold.otf"; path = "Resources/source-sans-pro/SourceSansPro-Bold.otf"; sourceTree = "<group>"; };
		BA7779851F05461A00128AA9 /* SourceSansPro-BoldIt.otf */ = {isa = PBXFileReference; lastKnownFileType = file; name = "SourceSansPro-BoldIt.otf"; path = "Resources/source-sans-pro/SourceSansPro-BoldIt.otf"; sourceTree = "<group>"; };
		BA7779861F05461A00128AA9 /* SourceSansPro-ExtraLight.otf */ = {isa = PBXFileReference; lastKnownFileType = file; name = "SourceSansPro-ExtraLight.otf"; path = "Resources/source-sans-pro/SourceSansPro-ExtraLight.otf"; sourceTree = "<group>"; };
		BA7779871F05461A00128AA9 /* SourceSansPro-ExtraLightIt.otf */ = {isa = PBXFileReference; lastKnownFileType = file; name = "SourceSansPro-ExtraLightIt.otf"; path = "Resources/source-sans-pro/SourceSansPro-ExtraLightIt.otf"; sourceTree = "<group>"; };
		BA7779881F05461A00128AA9 /* SourceSansPro-It.otf */ = {isa = PBXFileReference; lastKnownFileType = file; name = "SourceSansPro-It.otf"; path = "Resources/source-sans-pro/SourceSansPro-It.otf"; sourceTree = "<group>"; };
		BA7779891F05461A00128AA9 /* SourceSansPro-Light.otf */ = {isa = PBXFileReference; lastKnownFileType = file; name = "SourceSansPro-Light.otf"; path = "Resources/source-sans-pro/SourceSansPro-Light.otf"; sourceTree = "<group>"; };
		BA77798A1F05461A00128AA9 /* SourceSansPro-LightIt.otf */ = {isa = PBXFileReference; lastKnownFileType = file; name = "SourceSansPro-LightIt.otf"; path = "Resources/source-sans-pro/SourceSansPro-LightIt.otf"; sourceTree = "<group>"; };
		BA77798B1F05461A00128AA9 /* SourceSansPro-Regular.otf */ = {isa = PBXFileReference; lastKnownFileType = file; name = "SourceSansPro-Regular.otf"; path = "Resources/source-sans-pro/SourceSansPro-Regular.otf"; sourceTree = "<group>"; };
		BA77798C1F05461A00128AA9 /* SourceSansPro-Semibold.otf */ = {isa = PBXFileReference; lastKnownFileType = file; name = "SourceSansPro-Semibold.otf"; path = "Resources/source-sans-pro/SourceSansPro-Semibold.otf"; sourceTree = "<group>"; };
		BA77798D1F05461A00128AA9 /* SourceSansPro-SemiboldIt.otf */ = {isa = PBXFileReference; lastKnownFileType = file; name = "SourceSansPro-SemiboldIt.otf"; path = "Resources/source-sans-pro/SourceSansPro-SemiboldIt.otf"; sourceTree = "<group>"; };
		BA77799A1F0549C600128AA9 /* ItemDetailViewController.swift */ = {isa = PBXFileReference; fileEncoding = 4; lastKnownFileType = sourcecode.swift; name = ItemDetailViewController.swift; path = Controllers/ItemDetailViewController.swift; sourceTree = "<group>"; };
		BA77799C1F05518B00128AA9 /* ItemDetail.storyboard */ = {isa = PBXFileReference; fileEncoding = 4; lastKnownFileType = file.storyboard; name = ItemDetail.storyboard; path = Storyboards/ItemDetail.storyboard; sourceTree = "<group>"; };
		BA77799E1F05521000128AA9 /* Storyboard+Utility.swift */ = {isa = PBXFileReference; fileEncoding = 4; lastKnownFileType = sourcecode.swift; name = "Storyboard+Utility.swift"; path = "Extensions/Storyboard+Utility.swift"; sourceTree = "<group>"; };
		BA7779A01F056DF100128AA9 /* UIViewController+Utility.swift */ = {isa = PBXFileReference; fileEncoding = 4; lastKnownFileType = sourcecode.swift; name = "UIViewController+Utility.swift"; path = "Extensions/UIViewController+Utility.swift"; sourceTree = "<group>"; };
		BA7779A21F056F5200128AA9 /* UINavigationController+Utility.swift */ = {isa = PBXFileReference; fileEncoding = 4; lastKnownFileType = sourcecode.swift; name = "UINavigationController+Utility.swift"; path = "Extensions/UINavigationController+Utility.swift"; sourceTree = "<group>"; };
		BA7779A41F0575B600128AA9 /* SearchByViewController.swift */ = {isa = PBXFileReference; fileEncoding = 4; lastKnownFileType = sourcecode.swift; name = SearchByViewController.swift; path = Controllers/SearchByViewController.swift; sourceTree = "<group>"; };
		BA7779A61F057C9600128AA9 /* ResultsViewController.swift */ = {isa = PBXFileReference; fileEncoding = 4; lastKnownFileType = sourcecode.swift; name = ResultsViewController.swift; path = Controllers/ResultsViewController.swift; sourceTree = "<group>"; };
		BA7779AE1F05841000128AA9 /* SearchResult.storyboard */ = {isa = PBXFileReference; fileEncoding = 4; lastKnownFileType = file.storyboard; name = SearchResult.storyboard; path = Storyboards/SearchResult.storyboard; sourceTree = "<group>"; };
		BA8E27F51F04060F00105C0E /* Constants.swift */ = {isa = PBXFileReference; fileEncoding = 4; lastKnownFileType = sourcecode.swift; name = Constants.swift; path = Supporting/Constants.swift; sourceTree = "<group>"; };
		BA8E27F91F0410F700105C0E /* YourLitListViewController.swift */ = {isa = PBXFileReference; fileEncoding = 4; lastKnownFileType = sourcecode.swift; name = YourLitListViewController.swift; path = Controllers/YourLitListViewController.swift; sourceTree = "<group>"; };
		BA8E27FC1F041BFA00105C0E /* ColorHelper.swift */ = {isa = PBXFileReference; fileEncoding = 4; lastKnownFileType = sourcecode.swift; name = ColorHelper.swift; path = Helpers/ColorHelper.swift; sourceTree = "<group>"; };
		BA8E27FF1F041C3000105C0E /* UIColor+Utility.swift */ = {isa = PBXFileReference; fileEncoding = 4; lastKnownFileType = sourcecode.swift; name = "UIColor+Utility.swift"; path = "Extensions/UIColor+Utility.swift"; sourceTree = "<group>"; };
		BA8E28021F04239000105C0E /* LitLitItemCell.swift */ = {isa = PBXFileReference; fileEncoding = 4; lastKnownFileType = sourcecode.swift; name = LitLitItemCell.swift; path = Views/LitLitItemCell.swift; sourceTree = "<group>"; };
		BA8E28051F042DD800105C0E /* LitListItemCell.xib */ = {isa = PBXFileReference; fileEncoding = 4; lastKnownFileType = file.xib; name = LitListItemCell.xib; path = Views/LitListItemCell.xib; sourceTree = "<group>"; };
/* End PBXFileReference section */

/* Begin PBXFrameworksBuildPhase section */
		BA4974511F03FD62004FE18B /* Frameworks */ = {
			isa = PBXFrameworksBuildPhase;
			buildActionMask = 2147483647;
			files = (
				0FD42AC30E1A6B5E178D6B8B /* Pods_The_Lit_List.framework in Frameworks */,
			);
			runOnlyForDeploymentPostprocessing = 0;
		};
/* End PBXFrameworksBuildPhase section */

/* Begin PBXGroup section */
		44A1F4613074C392A7C4F246 /* Frameworks */ = {
			isa = PBXGroup;
			children = (
				29F21216A15ADE8B16190E21 /* Pods_The_Lit_List.framework */,
			);
			name = Frameworks;
			sourceTree = "<group>";
		};
		984FBEF274DD7806BA9223E0 /* Pods */ = {
			isa = PBXGroup;
			children = (
				54256F4762E52C2FE0D3B337 /* Pods-The Lit List.debug.xcconfig */,
				66E0EDB4EB425508C3406D67 /* Pods-The Lit List.release.xcconfig */,
			);
			name = Pods;
			sourceTree = "<group>";
		};
		BA49744B1F03FD62004FE18B = {
			isa = PBXGroup;
			children = (
				BA4974561F03FD62004FE18B /* The Lit List */,
				BA4974551F03FD62004FE18B /* Products */,
				984FBEF274DD7806BA9223E0 /* Pods */,
				44A1F4613074C392A7C4F246 /* Frameworks */,
			);
			sourceTree = "<group>";
		};
		BA4974551F03FD62004FE18B /* Products */ = {
			isa = PBXGroup;
			children = (
				BA4974541F03FD62004FE18B /* The Lit List.app */,
			);
			name = Products;
			sourceTree = "<group>";
		};
		BA4974561F03FD62004FE18B /* The Lit List */ = {
			isa = PBXGroup;
			children = (
				BA4974571F03FD62004FE18B /* AppDelegate.swift */,
				BA49746B1F03FE22004FE18B /* View Controllers */,
				BA8E28011F04235700105C0E /* Views */,
				BA4974711F03FE40004FE18B /* Storyboards */,
				BA8E27FB1F041BC400105C0E /* Helper */,
				BA8E27FE1F041C1600105C0E /* Extensions */,
				BA4974701F03FE39004FE18B /* Supporting */,
				BA7779811F05459B00128AA9 /* Resources */,
				BA4974601F03FD62004FE18B /* Assets.xcassets */,
			);
			path = "The Lit List";
			sourceTree = "<group>";
		};
		BA49746B1F03FE22004FE18B /* View Controllers */ = {
			isa = PBXGroup;
			children = (
				BA8E27F91F0410F700105C0E /* YourLitListViewController.swift */,
				BA77799A1F0549C600128AA9 /* ItemDetailViewController.swift */,
				BA7779A41F0575B600128AA9 /* SearchByViewController.swift */,
				BA7779A61F057C9600128AA9 /* ResultsViewController.swift */,
			);
			name = "View Controllers";
			sourceTree = "<group>";
		};
		BA4974701F03FE39004FE18B /* Supporting */ = {
			isa = PBXGroup;
			children = (
				BA8E27F51F04060F00105C0E /* Constants.swift */,
				BA4974721F03FE52004FE18B /* Info.plist */,
				BA4974741F03FE62004FE18B /* LaunchScreen.storyboard */,
			);
			name = Supporting;
			sourceTree = "<group>";
		};
		BA4974711F03FE40004FE18B /* Storyboards */ = {
			isa = PBXGroup;
			children = (
				BA4974761F03FE6A004FE18B /* Main.storyboard */,
				BA7779AE1F05841000128AA9 /* SearchResult.storyboard */,
				BA77799C1F05518B00128AA9 /* ItemDetail.storyboard */,
				BA8E28051F042DD800105C0E /* LitListItemCell.xib */,
			);
			name = Storyboards;
			sourceTree = "<group>";
		};
		BA7779811F05459B00128AA9 /* Resources */ = {
			isa = PBXGroup;
			children = (
				BA7779821F05461A00128AA9 /* SourceSansPro-Black.otf */,
				BA7779831F05461A00128AA9 /* SourceSansPro-BlackIt.otf */,
				BA7779841F05461A00128AA9 /* SourceSansPro-Bold.otf */,
				BA7779851F05461A00128AA9 /* SourceSansPro-BoldIt.otf */,
				BA7779861F05461A00128AA9 /* SourceSansPro-ExtraLight.otf */,
				BA7779871F05461A00128AA9 /* SourceSansPro-ExtraLightIt.otf */,
				BA7779881F05461A00128AA9 /* SourceSansPro-It.otf */,
				BA7779891F05461A00128AA9 /* SourceSansPro-Light.otf */,
				BA77798A1F05461A00128AA9 /* SourceSansPro-LightIt.otf */,
				BA77798B1F05461A00128AA9 /* SourceSansPro-Regular.otf */,
				BA77798C1F05461A00128AA9 /* SourceSansPro-Semibold.otf */,
				BA77798D1F05461A00128AA9 /* SourceSansPro-SemiboldIt.otf */,
			);
			name = Resources;
			sourceTree = "<group>";
		};
		BA8E27FB1F041BC400105C0E /* Helper */ = {
			isa = PBXGroup;
			children = (
				BA8E27FC1F041BFA00105C0E /* ColorHelper.swift */,
			);
			name = Helper;
			sourceTree = "<group>";
		};
		BA8E27FE1F041C1600105C0E /* Extensions */ = {
			isa = PBXGroup;
			children = (
				BA8E27FF1F041C3000105C0E /* UIColor+Utility.swift */,
				BA77799E1F05521000128AA9 /* Storyboard+Utility.swift */,
				BA7779A01F056DF100128AA9 /* UIViewController+Utility.swift */,
				BA7779A21F056F5200128AA9 /* UINavigationController+Utility.swift */,
			);
			name = Extensions;
			sourceTree = "<group>";
		};
		BA8E28011F04235700105C0E /* Views */ = {
			isa = PBXGroup;
			children = (
				BA8E28021F04239000105C0E /* LitLitItemCell.swift */,
			);
			name = Views;
			sourceTree = "<group>";
		};
/* End PBXGroup section */

/* Begin PBXNativeTarget section */
		BA4974531F03FD62004FE18B /* The Lit List */ = {
			isa = PBXNativeTarget;
			buildConfigurationList = BA4974681F03FD62004FE18B /* Build configuration list for PBXNativeTarget "The Lit List" */;
			buildPhases = (
				0285FDCB6A8C138EA18B465C /* [CP] Check Pods Manifest.lock */,
				BA4974501F03FD62004FE18B /* Sources */,
				BA4974511F03FD62004FE18B /* Frameworks */,
				BA4974521F03FD62004FE18B /* Resources */,
				75047551EE53C3CB47F95F47 /* [CP] Embed Pods Frameworks */,
				0EC7BF424BF8E371BEF5E998 /* [CP] Copy Pods Resources */,
			);
			buildRules = (
			);
			dependencies = (
			);
			name = "The Lit List";
			productName = "The Lit List";
			productReference = BA4974541F03FD62004FE18B /* The Lit List.app */;
			productType = "com.apple.product-type.application";
		};
/* End PBXNativeTarget section */

/* Begin PBXProject section */
		BA49744C1F03FD62004FE18B /* Project object */ = {
			isa = PBXProject;
			attributes = {
				LastSwiftUpdateCheck = 0830;
				LastUpgradeCheck = 0830;
				ORGANIZATIONNAME = "Jordan Harvey-Morgan";
				TargetAttributes = {
					BA4974531F03FD62004FE18B = {
						CreatedOnToolsVersion = 8.3.3;
						DevelopmentTeam = 856MTFRCV6;
						ProvisioningStyle = Automatic;
					};
				};
			};
			buildConfigurationList = BA49744F1F03FD62004FE18B /* Build configuration list for PBXProject "The Lit List" */;
			compatibilityVersion = "Xcode 3.2";
			developmentRegion = English;
			hasScannedForEncodings = 0;
			knownRegions = (
				en,
				Base,
			);
			mainGroup = BA49744B1F03FD62004FE18B;
			productRefGroup = BA4974551F03FD62004FE18B /* Products */;
			projectDirPath = "";
			projectRoot = "";
			targets = (
				BA4974531F03FD62004FE18B /* The Lit List */,
			);
		};
/* End PBXProject section */

/* Begin PBXResourcesBuildPhase section */
		BA4974521F03FD62004FE18B /* Resources */ = {
			isa = PBXResourcesBuildPhase;
			buildActionMask = 2147483647;
			files = (
				BA7779941F05461A00128AA9 /* SourceSansPro-It.otf in Resources */,
				BA77798F1F05461A00128AA9 /* SourceSansPro-BlackIt.otf in Resources */,
				BA77799D1F05518B00128AA9 /* ItemDetail.storyboard in Resources */,
				BA7779911F05461A00128AA9 /* SourceSansPro-BoldIt.otf in Resources */,
				BA7779991F05461A00128AA9 /* SourceSansPro-SemiboldIt.otf in Resources */,
				BA7779921F05461A00128AA9 /* SourceSansPro-ExtraLight.otf in Resources */,
				BA7779981F05461A00128AA9 /* SourceSansPro-Semibold.otf in Resources */,
				BA7779901F05461A00128AA9 /* SourceSansPro-Bold.otf in Resources */,
				BA7779961F05461A00128AA9 /* SourceSansPro-LightIt.otf in Resources */,
				BA7779971F05461A00128AA9 /* SourceSansPro-Regular.otf in Resources */,
				BA4974751F03FE62004FE18B /* LaunchScreen.storyboard in Resources */,
				BA7779951F05461A00128AA9 /* SourceSansPro-Light.otf in Resources */,
				BA4974611F03FD62004FE18B /* Assets.xcassets in Resources */,
				BA7779AF1F05841000128AA9 /* SearchResult.storyboard in Resources */,
				BA4974771F03FE6A004FE18B /* Main.storyboard in Resources */,
				BA77798E1F05461A00128AA9 /* SourceSansPro-Black.otf in Resources */,
				BA7779931F05461A00128AA9 /* SourceSansPro-ExtraLightIt.otf in Resources */,
				BA8E28071F042DD800105C0E /* LitListItemCell.xib in Resources */,
			);
			runOnlyForDeploymentPostprocessing = 0;
		};
/* End PBXResourcesBuildPhase section */

/* Begin PBXShellScriptBuildPhase section */
		0285FDCB6A8C138EA18B465C /* [CP] Check Pods Manifest.lock */ = {
			isa = PBXShellScriptBuildPhase;
			buildActionMask = 2147483647;
			files = (
			);
			inputPaths = (
			);
			name = "[CP] Check Pods Manifest.lock";
			outputPaths = (
			);
			runOnlyForDeploymentPostprocessing = 0;
			shellPath = /bin/sh;
			shellScript = "diff \"${PODS_ROOT}/../Podfile.lock\" \"${PODS_ROOT}/Manifest.lock\" > /dev/null\nif [ $? != 0 ] ; then\n    # print error to STDERR\n    echo \"error: The sandbox is not in sync with the Podfile.lock. Run 'pod install' or update your CocoaPods installation.\" >&2\n    exit 1\nfi\n";
			showEnvVarsInLog = 0;
		};
		0EC7BF424BF8E371BEF5E998 /* [CP] Copy Pods Resources */ = {
			isa = PBXShellScriptBuildPhase;
			buildActionMask = 2147483647;
			files = (
			);
			inputPaths = (
			);
			name = "[CP] Copy Pods Resources";
			outputPaths = (
			);
			runOnlyForDeploymentPostprocessing = 0;
			shellPath = /bin/sh;
			shellScript = "\"${SRCROOT}/Pods/Target Support Files/Pods-The Lit List/Pods-The Lit List-resources.sh\"\n";
			showEnvVarsInLog = 0;
		};
		75047551EE53C3CB47F95F47 /* [CP] Embed Pods Frameworks */ = {
			isa = PBXShellScriptBuildPhase;
			buildActionMask = 2147483647;
			files = (
			);
			inputPaths = (
			);
			name = "[CP] Embed Pods Frameworks";
			outputPaths = (
			);
			runOnlyForDeploymentPostprocessing = 0;
			shellPath = /bin/sh;
			shellScript = "\"${SRCROOT}/Pods/Target Support Files/Pods-The Lit List/Pods-The Lit List-frameworks.sh\"\n";
			showEnvVarsInLog = 0;
		};
/* End PBXShellScriptBuildPhase section */

/* Begin PBXSourcesBuildPhase section */
		BA4974501F03FD62004FE18B /* Sources */ = {
			isa = PBXSourcesBuildPhase;
			buildActionMask = 2147483647;
			files = (
				BA8E28031F04239000105C0E /* LitLitItemCell.swift in Sources */,
				BA77799B1F0549C600128AA9 /* ItemDetailViewController.swift in Sources */,
				BA7779A51F0575B600128AA9 /* SearchByViewController.swift in Sources */,
				BA8E27FD1F041BFA00105C0E /* ColorHelper.swift in Sources */,
				BA7779A31F056F5200128AA9 /* UINavigationController+Utility.swift in Sources */,
				BA8E28001F041C3000105C0E /* UIColor+Utility.swift in Sources */,
				BA8E27FA1F0410F700105C0E /* YourLitListViewController.swift in Sources */,
				BA77799F1F05521000128AA9 /* Storyboard+Utility.swift in Sources */,
				BA4974581F03FD62004FE18B /* AppDelegate.swift in Sources */,
				BA8E27F61F04060F00105C0E /* Constants.swift in Sources */,
				BA7779A11F056DF100128AA9 /* UIViewController+Utility.swift in Sources */,
				BA7779A71F057C9600128AA9 /* ResultsViewController.swift in Sources */,
			);
			runOnlyForDeploymentPostprocessing = 0;
		};
/* End PBXSourcesBuildPhase section */

/* Begin XCBuildConfiguration section */
		BA4974661F03FD62004FE18B /* Debug */ = {
			isa = XCBuildConfiguration;
			buildSettings = {
				ALWAYS_SEARCH_USER_PATHS = NO;
				CLANG_ANALYZER_NONNULL = YES;
				CLANG_ANALYZER_NUMBER_OBJECT_CONVERSION = YES_AGGRESSIVE;
				CLANG_CXX_LANGUAGE_STANDARD = "gnu++0x";
				CLANG_CXX_LIBRARY = "libc++";
				CLANG_ENABLE_MODULES = YES;
				CLANG_ENABLE_OBJC_ARC = YES;
				CLANG_WARN_BOOL_CONVERSION = YES;
				CLANG_WARN_CONSTANT_CONVERSION = YES;
				CLANG_WARN_DIRECT_OBJC_ISA_USAGE = YES_ERROR;
				CLANG_WARN_DOCUMENTATION_COMMENTS = YES;
				CLANG_WARN_EMPTY_BODY = YES;
				CLANG_WARN_ENUM_CONVERSION = YES;
				CLANG_WARN_INFINITE_RECURSION = YES;
				CLANG_WARN_INT_CONVERSION = YES;
				CLANG_WARN_OBJC_ROOT_CLASS = YES_ERROR;
				CLANG_WARN_SUSPICIOUS_MOVE = YES;
				CLANG_WARN_UNREACHABLE_CODE = YES;
				CLANG_WARN__DUPLICATE_METHOD_MATCH = YES;
				"CODE_SIGN_IDENTITY[sdk=iphoneos*]" = "iPhone Developer";
				COPY_PHASE_STRIP = NO;
				DEBUG_INFORMATION_FORMAT = dwarf;
				ENABLE_STRICT_OBJC_MSGSEND = YES;
				ENABLE_TESTABILITY = YES;
				GCC_C_LANGUAGE_STANDARD = gnu99;
				GCC_DYNAMIC_NO_PIC = NO;
				GCC_NO_COMMON_BLOCKS = YES;
				GCC_OPTIMIZATION_LEVEL = 0;
				GCC_PREPROCESSOR_DEFINITIONS = (
					"DEBUG=1",
					"$(inherited)",
				);
				GCC_WARN_64_TO_32_BIT_CONVERSION = YES;
				GCC_WARN_ABOUT_RETURN_TYPE = YES_ERROR;
				GCC_WARN_UNDECLARED_SELECTOR = YES;
				GCC_WARN_UNINITIALIZED_AUTOS = YES_AGGRESSIVE;
				GCC_WARN_UNUSED_FUNCTION = YES;
				GCC_WARN_UNUSED_VARIABLE = YES;
				IPHONEOS_DEPLOYMENT_TARGET = 10.3;
				MTL_ENABLE_DEBUG_INFO = YES;
				ONLY_ACTIVE_ARCH = YES;
				SDKROOT = iphoneos;
				SWIFT_ACTIVE_COMPILATION_CONDITIONS = DEBUG;
				SWIFT_OPTIMIZATION_LEVEL = "-Onone";
			};
			name = Debug;
		};
		BA4974671F03FD62004FE18B /* Release */ = {
			isa = XCBuildConfiguration;
			buildSettings = {
				ALWAYS_SEARCH_USER_PATHS = NO;
				CLANG_ANALYZER_NONNULL = YES;
				CLANG_ANALYZER_NUMBER_OBJECT_CONVERSION = YES_AGGRESSIVE;
				CLANG_CXX_LANGUAGE_STANDARD = "gnu++0x";
				CLANG_CXX_LIBRARY = "libc++";
				CLANG_ENABLE_MODULES = YES;
				CLANG_ENABLE_OBJC_ARC = YES;
				CLANG_WARN_BOOL_CONVERSION = YES;
				CLANG_WARN_CONSTANT_CONVERSION = YES;
				CLANG_WARN_DIRECT_OBJC_ISA_USAGE = YES_ERROR;
				CLANG_WARN_DOCUMENTATION_COMMENTS = YES;
				CLANG_WARN_EMPTY_BODY = YES;
				CLANG_WARN_ENUM_CONVERSION = YES;
				CLANG_WARN_INFINITE_RECURSION = YES;
				CLANG_WARN_INT_CONVERSION = YES;
				CLANG_WARN_OBJC_ROOT_CLASS = YES_ERROR;
				CLANG_WARN_SUSPICIOUS_MOVE = YES;
				CLANG_WARN_UNREACHABLE_CODE = YES;
				CLANG_WARN__DUPLICATE_METHOD_MATCH = YES;
				"CODE_SIGN_IDENTITY[sdk=iphoneos*]" = "iPhone Developer";
				COPY_PHASE_STRIP = NO;
				DEBUG_INFORMATION_FORMAT = "dwarf-with-dsym";
				ENABLE_NS_ASSERTIONS = NO;
				ENABLE_STRICT_OBJC_MSGSEND = YES;
				GCC_C_LANGUAGE_STANDARD = gnu99;
				GCC_NO_COMMON_BLOCKS = YES;
				GCC_WARN_64_TO_32_BIT_CONVERSION = YES;
				GCC_WARN_ABOUT_RETURN_TYPE = YES_ERROR;
				GCC_WARN_UNDECLARED_SELECTOR = YES;
				GCC_WARN_UNINITIALIZED_AUTOS = YES_AGGRESSIVE;
				GCC_WARN_UNUSED_FUNCTION = YES;
				GCC_WARN_UNUSED_VARIABLE = YES;
				IPHONEOS_DEPLOYMENT_TARGET = 10.3;
				MTL_ENABLE_DEBUG_INFO = NO;
				SDKROOT = iphoneos;
				SWIFT_OPTIMIZATION_LEVEL = "-Owholemodule";
				VALIDATE_PRODUCT = YES;
			};
			name = Release;
		};
		BA4974691F03FD62004FE18B /* Debug */ = {
			isa = XCBuildConfiguration;
			baseConfigurationReference = 54256F4762E52C2FE0D3B337 /* Pods-The Lit List.debug.xcconfig */;
			buildSettings = {
				ASSETCATALOG_COMPILER_APPICON_NAME = AppIcon;
				DEVELOPMENT_TEAM = 856MTFRCV6;
				INFOPLIST_FILE = "$(SRCROOT)/The Lit List/Supporting/Info.plist";
				LD_RUNPATH_SEARCH_PATHS = "$(inherited) @executable_path/Frameworks";
				PRODUCT_BUNDLE_IDENTIFIER = "com.jharveymorgan.The-Lit-List";
				PRODUCT_NAME = "$(TARGET_NAME)";
				SWIFT_VERSION = 3.0;
			};
			name = Debug;
		};
		BA49746A1F03FD62004FE18B /* Release */ = {
			isa = XCBuildConfiguration;
			baseConfigurationReference = 66E0EDB4EB425508C3406D67 /* Pods-The Lit List.release.xcconfig */;
			buildSettings = {
				ASSETCATALOG_COMPILER_APPICON_NAME = AppIcon;
				DEVELOPMENT_TEAM = 856MTFRCV6;
				INFOPLIST_FILE = "$(SRCROOT)/The Lit List/Supporting/Info.plist";
				LD_RUNPATH_SEARCH_PATHS = "$(inherited) @executable_path/Frameworks";
				PRODUCT_BUNDLE_IDENTIFIER = "com.jharveymorgan.The-Lit-List";
				PRODUCT_NAME = "$(TARGET_NAME)";
				SWIFT_VERSION = 3.0;
			};
			name = Release;
		};
/* End XCBuildConfiguration section */

/* Begin XCConfigurationList section */
		BA49744F1F03FD62004FE18B /* Build configuration list for PBXProject "The Lit List" */ = {
			isa = XCConfigurationList;
			buildConfigurations = (
				BA4974661F03FD62004FE18B /* Debug */,
				BA4974671F03FD62004FE18B /* Release */,
			);
			defaultConfigurationIsVisible = 0;
			defaultConfigurationName = Release;
		};
		BA4974681F03FD62004FE18B /* Build configuration list for PBXNativeTarget "The Lit List" */ = {
			isa = XCConfigurationList;
			buildConfigurations = (
				BA4974691F03FD62004FE18B /* Debug */,
				BA49746A1F03FD62004FE18B /* Release */,
			);
			defaultConfigurationIsVisible = 0;
			defaultConfigurationName = Release;
		};
/* End XCConfigurationList section */
	};
	rootObject = BA49744C1F03FD62004FE18B /* Project object */;
}
